// !$*UTF8*$!
{
	archiveVersion = 1;
	classes = {
	};
	objectVersion = 50;
	objects = {

/* Begin PBXFileReference section */
		D88CBDB424A2364A009989C0 /* MacOSAppDelegate.swift */ = {isa = PBXFileReference; lastKnownFileType = sourcecode.swift; path = MacOSAppDelegate.swift; sourceTree = "<group>"; };
		D88CBDB524A2364A009989C0 /* main.swift */ = {isa = PBXFileReference; lastKnownFileType = sourcecode.swift; path = main.swift; sourceTree = "<group>"; };
		D88CBDB624A2364A009989C0 /* MacOSMetalView.swift */ = {isa = PBXFileReference; lastKnownFileType = sourcecode.swift; path = MacOSMetalView.swift; sourceTree = "<group>"; };
		D88CBDB724A2364A009989C0 /* Info.plist */ = {isa = PBXFileReference; lastKnownFileType = text.plist.xml; path = Info.plist; sourceTree = "<group>"; };
		D88CBDB824A2364A009989C0 /* CoreEngine.entitlements */ = {isa = PBXFileReference; lastKnownFileType = text.plist.entitlements; path = CoreEngine.entitlements; sourceTree = "<group>"; };
		D88CBDB924A2365F009989C0 /* CoreEngineCommon */ = {isa = PBXFileReference; lastKnownFileType = folder; name = CoreEngineCommon; path = ../CoreEngineCommon; sourceTree = "<group>"; };
/* End PBXFileReference section */

/* Begin PBXGroup section */
		D836723F24A1F8CB0052EACF = {
			isa = PBXGroup;
			children = (
				D88CBDB924A2365F009989C0 /* CoreEngineCommon */,
				D88CBDB824A2364A009989C0 /* CoreEngine.entitlements */,
				D88CBDB724A2364A009989C0 /* Info.plist */,
				D88CBDB424A2364A009989C0 /* MacOSAppDelegate.swift */,
				D88CBDB624A2364A009989C0 /* MacOSMetalView.swift */,
				D88CBDB524A2364A009989C0 /* main.swift */,
			);
			sourceTree = "<group>";
		};
/* End PBXGroup section */

/* Begin PBXProject section */
		D836724024A1F8CB0052EACF /* Project object */ = {
			isa = PBXProject;
			attributes = {
				LastUpgradeCheck = 1200;
			};
			buildConfigurationList = D836724324A1F8CB0052EACF /* Build configuration list for PBXProject "CoreEngine" */;
			compatibilityVersion = "Xcode 9.3";
			developmentRegion = en;
			hasScannedForEncodings = 0;
			knownRegions = (
				en,
				Base,
			);
			mainGroup = D836723F24A1F8CB0052EACF;
			projectDirPath = "";
			projectRoot = "";
			targets = (
			);
		};
/* End PBXProject section */

/* Begin XCBuildConfiguration section */
		D836724424A1F8CB0052EACF /* Debug */ = {
			isa = XCBuildConfiguration;
			buildSettings = {
			};
			name = Debug;
		};
		D836724524A1F8CB0052EACF /* Release */ = {
			isa = XCBuildConfiguration;
			buildSettings = {
			};
			name = Release;
		};
/* End XCBuildConfiguration section */

/* Begin XCConfigurationList section */
		D836724324A1F8CB0052EACF /* Build configuration list for PBXProject "CoreEngine" */ = {
			isa = XCConfigurationList;
			buildConfigurations = (
				D836724424A1F8CB0052EACF /* Debug */,
				D836724524A1F8CB0052EACF /* Release */,
			);
			defaultConfigurationIsVisible = 0;
			defaultConfigurationName = Release;
		};
/* End XCConfigurationList section */
	};
	rootObject = D836724024A1F8CB0052EACF /* Project object */;
}
